
Microsoft Visual Studio Solution File, Format Version 12.00
# Visual Studio Version 17
VisualStudioVersion = 17.5.002.0
MinimumVisualStudioVersion = 10.0.40219.1
Project("{9A19103F-16F7-4668-BE54-9A1E7A4F7556}") = "c#", "c#.csproj", "{1C16214C-93A3-44E5-8CA3-7E37B2C1756F}"
EndProject
Global
	GlobalSection(SolutionConfigurationPlatforms) = preSolution
		Debug|Any CPU = Debug|Any CPU
		Release|Any CPU = Release|Any CPU
	EndGlobalSection
	GlobalSection(ProjectConfigurationPlatforms) = postSolution
		{1C16214C-93A3-44E5-8CA3-7E37B2C1756F}.Debug|Any CPU.ActiveCfg = Debug|Any CPU
		{1C16214C-93A3-44E5-8CA3-7E37B2C1756F}.Debug|Any CPU.Build.0 = Debug|Any CPU
		{1C16214C-93A3-44E5-8CA3-7E37B2C1756F}.Release|Any CPU.ActiveCfg = Release|Any CPU
		{1C16214C-93A3-44E5-8CA3-7E37B2C1756F}.Release|Any CPU.Build.0 = Release|Any CPU
	EndGlobalSection
	GlobalSection(SolutionProperties) = preSolution
		HideSolutionNode = FALSE
	EndGlobalSection
	GlobalSection(ExtensibilityGlobals) = postSolution
		SolutionGuid = {0DE0E735-F422-4419-9921-30BC6629148F}
	EndGlobalSection
EndGlobal
